
Microsoft Visual Studio Solution File, Format Version 12.00
# Visual Studio Version 17
VisualStudioVersion = 17.14.36105.17 d17.14
MinimumVisualStudioVersion = 10.0.40219.1
Project("{8BC9CEB8-8B4A-11D0-8D11-00A0C91BC942}") = "VectorSorting", "VectorSorting.vcxproj", "{BFC7D27A-E4A6-4BB4-8D61-DD1A1A2007B0}"
EndProject
Global
	GlobalSection(SolutionConfigurationPlatforms) = preSolution
		Debug|x64 = Debug|x64
		Debug|x86 = Debug|x86
		Release|x64 = Release|x64
		Release|x86 = Release|x86
	EndGlobalSection
	GlobalSection(ProjectConfigurationPlatforms) = postSolution
		{BFC7D27A-E4A6-4BB4-8D61-DD1A1A2007B0}.Debug|x64.ActiveCfg = Debug|x64
		{BFC7D27A-E4A6-4BB4-8D61-DD1A1A2007B0}.Debug|x64.Build.0 = Debug|x64
		{BFC7D27A-E4A6-4BB4-8D61-DD1A1A2007B0}.Debug|x86.ActiveCfg = Debug|Win32
		{BFC7D27A-E4A6-4BB4-8D61-DD1A1A2007B0}.Debug|x86.Build.0 = Debug|Win32
		{BFC7D27A-E4A6-4BB4-8D61-DD1A1A2007B0}.Release|x64.ActiveCfg = Release|x64
		{BFC7D27A-E4A6-4BB4-8D61-DD1A1A2007B0}.Release|x64.Build.0 = Release|x64
		{BFC7D27A-E4A6-4BB4-8D61-DD1A1A2007B0}.Release|x86.ActiveCfg = Release|Win32
		{BFC7D27A-E4A6-4BB4-8D61-DD1A1A2007B0}.Release|x86.Build.0 = Release|Win32
	EndGlobalSection
	GlobalSection(SolutionProperties) = preSolution
		HideSolutionNode = FALSE
	EndGlobalSection
	GlobalSection(ExtensibilityGlobals) = postSolution
		SolutionGuid = {37C3D643-D9F2-4110-A465-C29FCFFE982E}
	EndGlobalSection
EndGlobal
